
Microsoft Visual Studio Solution File, Format Version 12.00
# Visual Studio Version 17
VisualStudioVersion = 17.3.32922.545
MinimumVisualStudioVersion = 10.0.40219.1
Project("{9A19103F-16F7-4668-BE54-9A1E7A4F7556}") = "TaskManager", "TaskManager.csproj", "{B875B302-7251-4B43-8240-D1E07C6919CD}"
EndProject
Global
	GlobalSection(SolutionConfigurationPlatforms) = preSolution
		Debug|Any CPU = Debug|Any CPU
		Release|Any CPU = Release|Any CPU
	EndGlobalSection
	GlobalSection(ProjectConfigurationPlatforms) = postSolution
		{B875B302-7251-4B43-8240-D1E07C6919CD}.Debug|Any CPU.ActiveCfg = Debug|Any CPU
		{B875B302-7251-4B43-8240-D1E07C6919CD}.Debug|Any CPU.Build.0 = Debug|Any CPU
		{B875B302-7251-4B43-8240-D1E07C6919CD}.Release|Any CPU.ActiveCfg = Release|Any CPU
		{B875B302-7251-4B43-8240-D1E07C6919CD}.Release|Any CPU.Build.0 = Release|Any CPU
	EndGlobalSection
	GlobalSection(SolutionProperties) = preSolution
		HideSolutionNode = FALSE
	EndGlobalSection
	GlobalSection(ExtensibilityGlobals) = postSolution
		SolutionGuid = {4ACD8A3C-99B6-46BC-B470-01182418943F}
	EndGlobalSection
EndGlobal
